
Microsoft Visual Studio Solution File, Format Version 12.00
# Visual Studio Version 17
VisualStudioVersion = 17.14.36414.22
MinimumVisualStudioVersion = 10.0.40219.1
Project("{FAE04EC0-301F-11D3-BF4B-00C04F79EFBC}") = "Gerenciamento.Business", "src\Gerenciamento.Business\Gerenciamento.Business.csproj", "{CD7E8DE0-3F4B-45FA-BD12-EC7D8EAC7D69}"
EndProject
Project("{FAE04EC0-301F-11D3-BF4B-00C04F79EFBC}") = "Gerenciamento.Data", "src\Gerenciamento.Data\Gerenciamento.Data.csproj", "{68125312-43F3-4729-868E-B0E4998FE1DD}"
EndProject
Project("{FAE04EC0-301F-11D3-BF4B-00C04F79EFBC}") = "Gerenciamento.API", "src\Gerenciamento.API\Gerenciamento.API.csproj", "{7302819B-BBF6-483F-A009-EE45C7205B62}"
EndProject
Global
	GlobalSection(SolutionConfigurationPlatforms) = preSolution
		Debug|Any CPU = Debug|Any CPU
		Release|Any CPU = Release|Any CPU
	EndGlobalSection
	GlobalSection(ProjectConfigurationPlatforms) = postSolution
		{CD7E8DE0-3F4B-45FA-BD12-EC7D8EAC7D69}.Debug|Any CPU.ActiveCfg = Debug|Any CPU
		{CD7E8DE0-3F4B-45FA-BD12-EC7D8EAC7D69}.Debug|Any CPU.Build.0 = Debug|Any CPU
		{CD7E8DE0-3F4B-45FA-BD12-EC7D8EAC7D69}.Release|Any CPU.ActiveCfg = Release|Any CPU
		{CD7E8DE0-3F4B-45FA-BD12-EC7D8EAC7D69}.Release|Any CPU.Build.0 = Release|Any CPU
		{68125312-43F3-4729-868E-B0E4998FE1DD}.Debug|Any CPU.ActiveCfg = Debug|Any CPU
		{68125312-43F3-4729-868E-B0E4998FE1DD}.Debug|Any CPU.Build.0 = Debug|Any CPU
		{68125312-43F3-4729-868E-B0E4998FE1DD}.Release|Any CPU.ActiveCfg = Release|Any CPU
		{68125312-43F3-4729-868E-B0E4998FE1DD}.Release|Any CPU.Build.0 = Release|Any CPU
		{7302819B-BBF6-483F-A009-EE45C7205B62}.Debug|Any CPU.ActiveCfg = Debug|Any CPU
		{7302819B-BBF6-483F-A009-EE45C7205B62}.Debug|Any CPU.Build.0 = Debug|Any CPU
		{7302819B-BBF6-483F-A009-EE45C7205B62}.Release|Any CPU.ActiveCfg = Release|Any CPU
		{7302819B-BBF6-483F-A009-EE45C7205B62}.Release|Any CPU.Build.0 = Release|Any CPU
	EndGlobalSection
	GlobalSection(SolutionProperties) = preSolution
		HideSolutionNode = FALSE
	EndGlobalSection
	GlobalSection(ExtensibilityGlobals) = postSolution
		SolutionGuid = {E2105D6D-FC02-4738-86E1-F4474EF003BB}
	EndGlobalSection
EndGlobal
